
Microsoft Visual Studio Solution File, Format Version 12.00
# Visual Studio Version 17
VisualStudioVersion = 17.8.34408.163
MinimumVisualStudioVersion = 10.0.40219.1
Project("{FAE04EC0-301F-11D3-BF4B-00C04F79EFBC}") = "Vivarium", "Vivarium\Vivarium.csproj", "{BBC99A53-FAE2-4429-8BE5-A7579E11576B}"
EndProject
Global
	GlobalSection(SolutionConfigurationPlatforms) = preSolution
		Debug|Any CPU = Debug|Any CPU
		Release|Any CPU = Release|Any CPU
	EndGlobalSection
	GlobalSection(ProjectConfigurationPlatforms) = postSolution
		{BBC99A53-FAE2-4429-8BE5-A7579E11576B}.Debug|Any CPU.ActiveCfg = Debug|Any CPU
		{BBC99A53-FAE2-4429-8BE5-A7579E11576B}.Debug|Any CPU.Build.0 = Debug|Any CPU
		{BBC99A53-FAE2-4429-8BE5-A7579E11576B}.Release|Any CPU.ActiveCfg = Release|Any CPU
		{BBC99A53-FAE2-4429-8BE5-A7579E11576B}.Release|Any CPU.Build.0 = Release|Any CPU
	EndGlobalSection
	GlobalSection(SolutionProperties) = preSolution
		HideSolutionNode = FALSE
	EndGlobalSection
	GlobalSection(ExtensibilityGlobals) = postSolution
		SolutionGuid = {C7817432-17A0-42F6-9312-6FD2B89E9A01}
	EndGlobalSection
EndGlobal
